<?xml version="1.0" encoding="utf-8"?>
<Project ToolsVersion="4.0" xmlns="http://schemas.microsoft.com/developer/msbuild/2003">
  <ItemGroup>
    <Filter Include="Archivos de origen">
      <UniqueIdentifier>{4FC737F1-C7A5-4376-A066-2A32D752A2FF}</UniqueIdentifier>
      <Extensions>cpp;c;cc;cxx;c++;cppm;ixx;def;odl;idl;hpj;bat;asm;asmx</Extensions>
    </Filter>
    <Filter Include="Archivos de encabezado">
      <UniqueIdentifier>{93995380-89BD-4b04-88EB-625FBE52EBFB}</UniqueIdentifier>
      <Extensions>h;hh;hpp;hxx;h++;hm;inl;inc;ipp;xsd</Extensions>
    </Filter>
    <Filter Include="Archivos de recursos">
      <UniqueIdentifier>{67DA6AB6-F800-4c08-8B7A-83BB121AAD01}</UniqueIdentifier>
      <Extensions>rc;ico;cur;bmp;dlg;rc2;rct;bin;rgs;gif;jpg;jpeg;jpe;resx;tiff;tif;png;wav;mfcribbon-ms</Extensions>
    </Filter>
    <Filter Include="Archivos de origen\PiggyBank">
      <UniqueIdentifier>{1f709eb8-76c3-4796-a417-9fc90ef5f93a}</UniqueIdentifier>
    </Filter>
    <Filter Include="Archivos de encabezado\PiggyBankH">
      <UniqueIdentifier>{6c0e551a-46d5-45a3-9dd9-eb84a9a19006}</UniqueIdentifier>
    </Filter>
  </ItemGroup>
  <ItemGroup>
    <ClCompile Include="Main.c">
      <Filter>Archivos de origen</Filter>
    </ClCompile>
    <ClCompile Include="StdLib.c">
      <Filter>Archivos de origen</Filter>
    </ClCompile>
    <ClCompile Include="PiggyBank.c">
      <Filter>Archivos de origen\PiggyBank</Filter>
    </ClCompile>
    <ClCompile Include="Funcionalities.c">
      <Filter>Archivos de origen\PiggyBank</Filter>
    </ClCompile>
    <ClCompile Include="Menu.c">
      <Filter>Archivos de origen\PiggyBank</Filter>
    </ClCompile>
    <ClCompile Include="csv.c">
      <Filter>Archivos de origen</Filter>
    </ClCompile>
  </ItemGroup>
  <ItemGroup>
    <ClInclude Include="StdLib.h">
      <Filter>Archivos de encabezado</Filter>
    </ClInclude>
    <ClInclude Include="PiggyBank.h">
      <Filter>Archivos de encabezado\PiggyBankH</Filter>
    </ClInclude>
    <ClInclude Include="Funcionalities.h">
      <Filter>Archivos de encabezado\PiggyBankH</Filter>
    </ClInclude>
    <ClInclude Include="Menu.h">
      <Filter>Archivos de encabezado\PiggyBankH</Filter>
    </ClInclude>
    <ClInclude Include="resource.h">
      <Filter>Archivos de encabezado</Filter>
    </ClInclude>
    <ClInclude Include="csv.h">
      <Filter>Archivos de encabezado</Filter>
    </ClInclude>
  </ItemGroup>
  <ItemGroup>
    <None Include="Translations.csv">
      <Filter>Archivos de recursos</Filter>
    </None>
    <None Include="trans.csv">
      <Filter>Archivos de recursos</Filter>
    </None>
  </ItemGroup>
</Project>